
Microsoft Visual Studio Solution File, Format Version 12.00
# Visual Studio Version 17
VisualStudioVersion = 17.9.34607.119
MinimumVisualStudioVersion = 10.0.40219.1
Project("{FAE04EC0-301F-11D3-BF4B-00C04F79EFBC}") = "CarRent", "CarRent\CarRent.csproj", "{EB186F92-BDF0-4DE3-A005-26F629F95F20}"
EndProject
Global
	GlobalSection(SolutionConfigurationPlatforms) = preSolution
		Debug|Any CPU = Debug|Any CPU
		Release|Any CPU = Release|Any CPU
	EndGlobalSection
	GlobalSection(ProjectConfigurationPlatforms) = postSolution
		{EB186F92-BDF0-4DE3-A005-26F629F95F20}.Debug|Any CPU.ActiveCfg = Debug|Any CPU
		{EB186F92-BDF0-4DE3-A005-26F629F95F20}.Debug|Any CPU.Build.0 = Debug|Any CPU
		{EB186F92-BDF0-4DE3-A005-26F629F95F20}.Release|Any CPU.ActiveCfg = Release|Any CPU
		{EB186F92-BDF0-4DE3-A005-26F629F95F20}.Release|Any CPU.Build.0 = Release|Any CPU
	EndGlobalSection
	GlobalSection(SolutionProperties) = preSolution
		HideSolutionNode = FALSE
	EndGlobalSection
	GlobalSection(ExtensibilityGlobals) = postSolution
		SolutionGuid = {DE8F9EF4-1A52-497D-BF0E-1779DEE2CEF1}
	EndGlobalSection
EndGlobal
