
Microsoft Visual Studio Solution File, Format Version 12.00
# Visual Studio Version 17
VisualStudioVersion = 17.9.34701.34
MinimumVisualStudioVersion = 10.0.40219.1
Project("{FAE04EC0-301F-11D3-BF4B-00C04F79EFBC}") = "AtvOne", "AtvOne\AtvOne.csproj", "{C0CC2788-555B-49F8-9D3E-AE754FF5DB86}"
EndProject
Global
	GlobalSection(SolutionConfigurationPlatforms) = preSolution
		Debug|Any CPU = Debug|Any CPU
		Release|Any CPU = Release|Any CPU
	EndGlobalSection
	GlobalSection(ProjectConfigurationPlatforms) = postSolution
		{C0CC2788-555B-49F8-9D3E-AE754FF5DB86}.Debug|Any CPU.ActiveCfg = Debug|Any CPU
		{C0CC2788-555B-49F8-9D3E-AE754FF5DB86}.Debug|Any CPU.Build.0 = Debug|Any CPU
		{C0CC2788-555B-49F8-9D3E-AE754FF5DB86}.Release|Any CPU.ActiveCfg = Release|Any CPU
		{C0CC2788-555B-49F8-9D3E-AE754FF5DB86}.Release|Any CPU.Build.0 = Release|Any CPU
	EndGlobalSection
	GlobalSection(SolutionProperties) = preSolution
		HideSolutionNode = FALSE
	EndGlobalSection
	GlobalSection(ExtensibilityGlobals) = postSolution
		SolutionGuid = {34D2CA3A-6EF6-4466-B460-FAD975B8B35E}
	EndGlobalSection
EndGlobal
